{
  "name": "commit-ia",
  "version": "2.0.0",
  "lockfileVersion": 3,
  "requires": true,
  "packages": {
    "": {
      "name": "commit-ia",
      "version": "2.0.0",
      "cpu": [
        "x64",
        "arm64"
      ],
      "hasInstallScript": true,
      "license": "MIT",
      "os": [
        "linux",
        "darwin",
        "win32"
      ],
      "bin": {
        "commitia": "bin/cli.js"
      },
      "engines": {
        "node": ">=14.0.0"
      }
    }
  }
}
